// !$*UTF8*$!
{
	archiveVersion = 1;
	classes = {
	};
	objectVersion = 48;
	objects = {

/* Begin PBXBuildFile section */
		E349C8F11FAABECF005223A9 /* AppDelegate.m in Sources */ = {isa = PBXBuildFile; fileRef = E349C8F01FAABECF005223A9 /* AppDelegate.m */; };
		E349C8F41FAABECF005223A9 /* ViewController.m in Sources */ = {isa = PBXBuildFile; fileRef = E349C8F31FAABECF005223A9 /* ViewController.m */; };
		E349C8F71FAABECF005223A9 /* Main.storyboard in Resources */ = {isa = PBXBuildFile; fileRef = E349C8F51FAABECF005223A9 /* Main.storyboard */; };
		E349C8F91FAABECF005223A9 /* Assets.xcassets in Resources */ = {isa = PBXBuildFile; fileRef = E349C8F81FAABECF005223A9 /* Assets.xcassets */; };
		E349C8FC1FAABECF005223A9 /* LaunchScreen.storyboard in Resources */ = {isa = PBXBuildFile; fileRef = E349C8FA1FAABECF005223A9 /* LaunchScreen.storyboard */; };
		E349C8FF1FAABECF005223A9 /* main.m in Sources */ = {isa = PBXBuildFile; fileRef = E349C8FE1FAABECF005223A9 /* main.m */; };
		E349C9091FAABECF005223A9 /* TabbarDemoTests.m in Sources */ = {isa = PBXBuildFile; fileRef = E349C9081FAABECF005223A9 /* TabbarDemoTests.m */; };
		E349C9141FAABED0005223A9 /* TabbarDemoUITests.m in Sources */ = {isa = PBXBuildFile; fileRef = E349C9131FAABED0005223A9 /* TabbarDemoUITests.m */; };
		E349C9261FAABF36005223A9 /* ZJNTabBar.m in Sources */ = {isa = PBXBuildFile; fileRef = E349C9251FAABF36005223A9 /* ZJNTabBar.m */; };
		E349C9291FAAC004005223A9 /* ZJNTabBarViewController.m in Sources */ = {isa = PBXBuildFile; fileRef = E349C9281FAAC004005223A9 /* ZJNTabBarViewController.m */; };
		E3DC7BE01FAB06FA00C6F1B8 /* UIView+Extension.m in Sources */ = {isa = PBXBuildFile; fileRef = E3DC7BDF1FAB06F900C6F1B8 /* UIView+Extension.m */; };
		E3DC7BE31FAB152300C6F1B8 /* ZJNSecondTabBar.m in Sources */ = {isa = PBXBuildFile; fileRef = E3DC7BE21FAB152300C6F1B8 /* ZJNSecondTabBar.m */; };
/* End PBXBuildFile section */

/* Begin PBXContainerItemProxy section */
		E349C9051FAABECF005223A9 /* PBXContainerItemProxy */ = {
			isa = PBXContainerItemProxy;
			containerPortal = E349C8E41FAABECF005223A9 /* Project object */;
			proxyType = 1;
			remoteGlobalIDString = E349C8EB1FAABECF005223A9;
			remoteInfo = TabbarDemo;
		};
		E349C9101FAABED0005223A9 /* PBXContainerItemProxy */ = {
			isa = PBXContainerItemProxy;
			containerPortal = E349C8E41FAABECF005223A9 /* Project object */;
			proxyType = 1;
			remoteGlobalIDString = E349C8EB1FAABECF005223A9;
			remoteInfo = TabbarDemo;
		};
/* End PBXContainerItemProxy section */

/* Begin PBXFileReference section */
		E349C8EC1FAABECF005223A9 /* TabbarDemo.app */ = {isa = PBXFileReference; explicitFileType = wrapper.application; includeInIndex = 0; path = TabbarDemo.app; sourceTree = BUILT_PRODUCTS_DIR; };
		E349C8EF1FAABECF005223A9 /* AppDelegate.h */ = {isa = PBXFileReference; lastKnownFileType = sourcecode.c.h; path = AppDelegate.h; sourceTree = "<group>"; };
		E349C8F01FAABECF005223A9 /* AppDelegate.m */ = {isa = PBXFileReference; lastKnownFileType = sourcecode.c.objc; path = AppDelegate.m; sourceTree = "<group>"; };
		E349C8F21FAABECF005223A9 /* ViewController.h */ = {isa = PBXFileReference; lastKnownFileType = sourcecode.c.h; path = ViewController.h; sourceTree = "<group>"; };
		E349C8F31FAABECF005223A9 /* ViewController.m */ = {isa = PBXFileReference; lastKnownFileType = sourcecode.c.objc; path = ViewController.m; sourceTree = "<group>"; };
		E349C8F61FAABECF005223A9 /* Base */ = {isa = PBXFileReference; lastKnownFileType = file.storyboard; name = Base; path = Base.lproj/Main.storyboard; sourceTree = "<group>"; };
		E349C8F81FAABECF005223A9 /* Assets.xcassets */ = {isa = PBXFileReference; lastKnownFileType = folder.assetcatalog; path = Assets.xcassets; sourceTree = "<group>"; };
		E349C8FB1FAABECF005223A9 /* Base */ = {isa = PBXFileReference; lastKnownFileType = file.storyboard; name = Base; path = Base.lproj/LaunchScreen.storyboard; sourceTree = "<group>"; };
		E349C8FD1FAABECF005223A9 /* Info.plist */ = {isa = PBXFileReference; lastKnownFileType = text.plist.xml; path = Info.plist; sourceTree = "<group>"; };
		E349C8FE1FAABECF005223A9 /* main.m */ = {isa = PBXFileReference; lastKnownFileType = sourcecode.c.objc; path = main.m; sourceTree = "<group>"; };
		E349C9041FAABECF005223A9 /* TabbarDemoTests.xctest */ = {isa = PBXFileReference; explicitFileType = wrapper.cfbundle; includeInIndex = 0; path = TabbarDemoTests.xctest; sourceTree = BUILT_PRODUCTS_DIR; };
		E349C9081FAABECF005223A9 /* TabbarDemoTests.m */ = {isa = PBXFileReference; lastKnownFileType = sourcecode.c.objc; path = TabbarDemoTests.m; sourceTree = "<group>"; };
		E349C90A1FAABECF005223A9 /* Info.plist */ = {isa = PBXFileReference; lastKnownFileType = text.plist.xml; path = Info.plist; sourceTree = "<group>"; };
		E349C90F1FAABECF005223A9 /* TabbarDemoUITests.xctest */ = {isa = PBXFileReference; explicitFileType = wrapper.cfbundle; includeInIndex = 0; path = TabbarDemoUITests.xctest; sourceTree = BUILT_PRODUCTS_DIR; };
		E349C9131FAABED0005223A9 /* TabbarDemoUITests.m */ = {isa = PBXFileReference; lastKnownFileType = sourcecode.c.objc; path = TabbarDemoUITests.m; sourceTree = "<group>"; };
		E349C9151FAABED0005223A9 /* Info.plist */ = {isa = PBXFileReference; lastKnownFileType = text.plist.xml; path = Info.plist; sourceTree = "<group>"; };
		E349C9241FAABF36005223A9 /* ZJNTabBar.h */ = {isa = PBXFileReference; lastKnownFileType = sourcecode.c.h; path = ZJNTabBar.h; sourceTree = "<group>"; };
		E349C9251FAABF36005223A9 /* ZJNTabBar.m */ = {isa = PBXFileReference; lastKnownFileType = sourcecode.c.objc; path = ZJNTabBar.m; sourceTree = "<group>"; };
		E349C9271FAAC004005223A9 /* ZJNTabBarViewController.h */ = {isa = PBXFileReference; lastKnownFileType = sourcecode.c.h; path = ZJNTabBarViewController.h; sourceTree = "<group>"; };
		E349C9281FAAC004005223A9 /* ZJNTabBarViewController.m */ = {isa = PBXFileReference; lastKnownFileType = sourcecode.c.objc; path = ZJNTabBarViewController.m; sourceTree = "<group>"; };
		E3DC7BDE1FAB06F900C6F1B8 /* UIView+Extension.h */ = {isa = PBXFileReference; lastKnownFileType = sourcecode.c.h; path = "UIView+Extension.h"; sourceTree = "<group>"; };
		E3DC7BDF1FAB06F900C6F1B8 /* UIView+Extension.m */ = {isa = PBXFileReference; lastKnownFileType = sourcecode.c.objc; path = "UIView+Extension.m"; sourceTree = "<group>"; };
		E3DC7BE11FAB152300C6F1B8 /* ZJNSecondTabBar.h */ = {isa = PBXFileReference; lastKnownFileType = sourcecode.c.h; path = ZJNSecondTabBar.h; sourceTree = "<group>"; };
		E3DC7BE21FAB152300C6F1B8 /* ZJNSecondTabBar.m */ = {isa = PBXFileReference; lastKnownFileType = sourcecode.c.objc; path = ZJNSecondTabBar.m; sourceTree = "<group>"; };
/* End PBXFileReference section */

/* Begin PBXFrameworksBuildPhase section */
		E349C8E91FAABECF005223A9 /* Frameworks */ = {
			isa = PBXFrameworksBuildPhase;
			buildActionMask = 2147483647;
			files = (
			);
			runOnlyForDeploymentPostprocessing = 0;
		};
		E349C9011FAABECF005223A9 /* Frameworks */ = {
			isa = PBXFrameworksBuildPhase;
			buildActionMask = 2147483647;
			files = (
			);
			runOnlyForDeploymentPostprocessing = 0;
		};
		E349C90C1FAABECF005223A9 /* Frameworks */ = {
			isa = PBXFrameworksBuildPhase;
			buildActionMask = 2147483647;
			files = (
			);
			runOnlyForDeploymentPostprocessing = 0;
		};
/* End PBXFrameworksBuildPhase section */

/* Begin PBXGroup section */
		E349C8E31FAABECF005223A9 = {
			isa = PBXGroup;
			children = (
				E349C8EE1FAABECF005223A9 /* TabbarDemo */,
				E349C9071FAABECF005223A9 /* TabbarDemoTests */,
				E349C9121FAABED0005223A9 /* TabbarDemoUITests */,
				E349C8ED1FAABECF005223A9 /* Products */,
			);
			sourceTree = "<group>";
		};
		E349C8ED1FAABECF005223A9 /* Products */ = {
			isa = PBXGroup;
			children = (
				E349C8EC1FAABECF005223A9 /* TabbarDemo.app */,
				E349C9041FAABECF005223A9 /* TabbarDemoTests.xctest */,
				E349C90F1FAABECF005223A9 /* TabbarDemoUITests.xctest */,
			);
			name = Products;
			sourceTree = "<group>";
		};
		E349C8EE1FAABECF005223A9 /* TabbarDemo */ = {
			isa = PBXGroup;
			children = (
				E349C8EF1FAABECF005223A9 /* AppDelegate.h */,
				E349C8F01FAABECF005223A9 /* AppDelegate.m */,
				E349C8F21FAABECF005223A9 /* ViewController.h */,
				E349C8F31FAABECF005223A9 /* ViewController.m */,
				E3DC7BDE1FAB06F900C6F1B8 /* UIView+Extension.h */,
				E3DC7BDF1FAB06F900C6F1B8 /* UIView+Extension.m */,
				E349C9241FAABF36005223A9 /* ZJNTabBar.h */,
				E349C9251FAABF36005223A9 /* ZJNTabBar.m */,
				E3DC7BE11FAB152300C6F1B8 /* ZJNSecondTabBar.h */,
				E3DC7BE21FAB152300C6F1B8 /* ZJNSecondTabBar.m */,
				E349C9271FAAC004005223A9 /* ZJNTabBarViewController.h */,
				E349C9281FAAC004005223A9 /* ZJNTabBarViewController.m */,
				E349C8F51FAABECF005223A9 /* Main.storyboard */,
				E349C8F81FAABECF005223A9 /* Assets.xcassets */,
				E349C8FA1FAABECF005223A9 /* LaunchScreen.storyboard */,
				E349C8FD1FAABECF005223A9 /* Info.plist */,
				E349C8FE1FAABECF005223A9 /* main.m */,
			);
			path = TabbarDemo;
			sourceTree = "<group>";
		};
		E349C9071FAABECF005223A9 /* TabbarDemoTests */ = {
			isa = PBXGroup;
			children = (
				E349C9081FAABECF005223A9 /* TabbarDemoTests.m */,
				E349C90A1FAABECF005223A9 /* Info.plist */,
			);
			path = TabbarDemoTests;
			sourceTree = "<group>";
		};
		E349C9121FAABED0005223A9 /* TabbarDemoUITests */ = {
			isa = PBXGroup;
			children = (
				E349C9131FAABED0005223A9 /* TabbarDemoUITests.m */,
				E349C9151FAABED0005223A9 /* Info.plist */,
			);
			path = TabbarDemoUITests;
			sourceTree = "<group>";
		};
/* End PBXGroup section */

/* Begin PBXNativeTarget section */
		E349C8EB1FAABECF005223A9 /* TabbarDemo */ = {
			isa = PBXNativeTarget;
			buildConfigurationList = E349C9181FAABED0005223A9 /* Build configuration list for PBXNativeTarget "TabbarDemo" */;
			buildPhases = (
				E349C8E81FAABECF005223A9 /* Sources */,
				E349C8E91FAABECF005223A9 /* Frameworks */,
				E349C8EA1FAABECF005223A9 /* Resources */,
			);
			buildRules = (
			);
			dependencies = (
			);
			name = TabbarDemo;
			productName = TabbarDemo;
			productReference = E349C8EC1FAABECF005223A9 /* TabbarDemo.app */;
			productType = "com.apple.product-type.application";
		};
		E349C9031FAABECF005223A9 /* TabbarDemoTests */ = {
			isa = PBXNativeTarget;
			buildConfigurationList = E349C91B1FAABED0005223A9 /* Build configuration list for PBXNativeTarget "TabbarDemoTests" */;
			buildPhases = (
				E349C9001FAABECF005223A9 /* Sources */,
				E349C9011FAABECF005223A9 /* Frameworks */,
				E349C9021FAABECF005223A9 /* Resources */,
			);
			buildRules = (
			);
			dependencies = (
				E349C9061FAABECF005223A9 /* PBXTargetDependency */,
			);
			name = TabbarDemoTests;
			productName = TabbarDemoTests;
			productReference = E349C9041FAABECF005223A9 /* TabbarDemoTests.xctest */;
			productType = "com.apple.product-type.bundle.unit-test";
		};
		E349C90E1FAABECF005223A9 /* TabbarDemoUITests */ = {
			isa = PBXNativeTarget;
			buildConfigurationList = E349C91E1FAABED0005223A9 /* Build configuration list for PBXNativeTarget "TabbarDemoUITests" */;
			buildPhases = (
				E349C90B1FAABECF005223A9 /* Sources */,
				E349C90C1FAABECF005223A9 /* Frameworks */,
				E349C90D1FAABECF005223A9 /* Resources */,
			);
			buildRules = (
			);
			dependencies = (
				E349C9111FAABED0005223A9 /* PBXTargetDependency */,
			);
			name = TabbarDemoUITests;
			productName = TabbarDemoUITests;
			productReference = E349C90F1FAABECF005223A9 /* TabbarDemoUITests.xctest */;
			productType = "com.apple.product-type.bundle.ui-testing";
		};
/* End PBXNativeTarget section */

/* Begin PBXProject section */
		E349C8E41FAABECF005223A9 /* Project object */ = {
			isa = PBXProject;
			attributes = {
				LastUpgradeCheck = 0900;
				ORGANIZATIONNAME = ShangYuKeJi;
				TargetAttributes = {
					E349C8EB1FAABECF005223A9 = {
						CreatedOnToolsVersion = 9.0;
						ProvisioningStyle = Automatic;
					};
					E349C9031FAABECF005223A9 = {
						CreatedOnToolsVersion = 9.0;
						ProvisioningStyle = Automatic;
						TestTargetID = E349C8EB1FAABECF005223A9;
					};
					E349C90E1FAABECF005223A9 = {
						CreatedOnToolsVersion = 9.0;
						ProvisioningStyle = Automatic;
						TestTargetID = E349C8EB1FAABECF005223A9;
					};
				};
			};
			buildConfigurationList = E349C8E71FAABECF005223A9 /* Build configuration list for PBXProject "TabbarDemo" */;
			compatibilityVersion = "Xcode 8.0";
			developmentRegion = en;
			hasScannedForEncodings = 0;
			knownRegions = (
				en,
				Base,
			);
			mainGroup = E349C8E31FAABECF005223A9;
			productRefGroup = E349C8ED1FAABECF005223A9 /* Products */;
			projectDirPath = "";
			projectRoot = "";
			targets = (
				E349C8EB1FAABECF005223A9 /* TabbarDemo */,
				E349C9031FAABECF005223A9 /* TabbarDemoTests */,
				E349C90E1FAABECF005223A9 /* TabbarDemoUITests */,
			);
		};
/* End PBXProject section */

/* Begin PBXResourcesBuildPhase section */
		E349C8EA1FAABECF005223A9 /* Resources */ = {
			isa = PBXResourcesBuildPhase;
			buildActionMask = 2147483647;
			files = (
				E349C8FC1FAABECF005223A9 /* LaunchScreen.storyboard in Resources */,
				E349C8F91FAABECF005223A9 /* Assets.xcassets in Resources */,
				E349C8F71FAABECF005223A9 /* Main.storyboard in Resources */,
			);
			runOnlyForDeploymentPostprocessing = 0;
		};
		E349C9021FAABECF005223A9 /* Resources */ = {
			isa = PBXResourcesBuildPhase;
			buildActionMask = 2147483647;
			files = (
			);
			runOnlyForDeploymentPostprocessing = 0;
		};
		E349C90D1FAABECF005223A9 /* Resources */ = {
			isa = PBXResourcesBuildPhase;
			buildActionMask = 2147483647;
			files = (
			);
			runOnlyForDeploymentPostprocessing = 0;
		};
/* End PBXResourcesBuildPhase section */

/* Begin PBXSourcesBuildPhase section */
		E349C8E81FAABECF005223A9 /* Sources */ = {
			isa = PBXSourcesBuildPhase;
			buildActionMask = 2147483647;
			files = (
				E3DC7BE31FAB152300C6F1B8 /* ZJNSecondTabBar.m in Sources */,
				E3DC7BE01FAB06FA00C6F1B8 /* UIView+Extension.m in Sources */,
				E349C9261FAABF36005223A9 /* ZJNTabBar.m in Sources */,
				E349C8F41FAABECF005223A9 /* ViewController.m in Sources */,
				E349C9291FAAC004005223A9 /* ZJNTabBarViewController.m in Sources */,
				E349C8FF1FAABECF005223A9 /* main.m in Sources */,
				E349C8F11FAABECF005223A9 /* AppDelegate.m in Sources */,
			);
			runOnlyForDeploymentPostprocessing = 0;
		};
		E349C9001FAABECF005223A9 /* Sources */ = {
			isa = PBXSourcesBuildPhase;
			buildActionMask = 2147483647;
			files = (
				E349C9091FAABECF005223A9 /* TabbarDemoTests.m in Sources */,
			);
			runOnlyForDeploymentPostprocessing = 0;
		};
		E349C90B1FAABECF005223A9 /* Sources */ = {
			isa = PBXSourcesBuildPhase;
			buildActionMask = 2147483647;
			files = (
				E349C9141FAABED0005223A9 /* TabbarDemoUITests.m in Sources */,
			);
			runOnlyForDeploymentPostprocessing = 0;
		};
/* End PBXSourcesBuildPhase section */

/* Begin PBXTargetDependency section */
		E349C9061FAABECF005223A9 /* PBXTargetDependency */ = {
			isa = PBXTargetDependency;
			target = E349C8EB1FAABECF005223A9 /* TabbarDemo */;
			targetProxy = E349C9051FAABECF005223A9 /* PBXContainerItemProxy */;
		};
		E349C9111FAABED0005223A9 /* PBXTargetDependency */ = {
			isa = PBXTargetDependency;
			target = E349C8EB1FAABECF005223A9 /* TabbarDemo */;
			targetProxy = E349C9101FAABED0005223A9 /* PBXContainerItemProxy */;
		};
/* End PBXTargetDependency section */

/* Begin PBXVariantGroup section */
		E349C8F51FAABECF005223A9 /* Main.storyboard */ = {
			isa = PBXVariantGroup;
			children = (
				E349C8F61FAABECF005223A9 /* Base */,
			);
			name = Main.storyboard;
			sourceTree = "<group>";
		};
		E349C8FA1FAABECF005223A9 /* LaunchScreen.storyboard */ = {
			isa = PBXVariantGroup;
			children = (
				E349C8FB1FAABECF005223A9 /* Base */,
			);
			name = LaunchScreen.storyboard;
			sourceTree = "<group>";
		};
/* End PBXVariantGroup section */

/* Begin XCBuildConfiguration section */
		E349C9161FAABED0005223A9 /* Debug */ = {
			isa = XCBuildConfiguration;
			buildSettings = {
				ALWAYS_SEARCH_USER_PATHS = NO;
				CLANG_ANALYZER_NONNULL = YES;
				CLANG_ANALYZER_NUMBER_OBJECT_CONVERSION = YES_AGGRESSIVE;
				CLANG_CXX_LANGUAGE_STANDARD = "gnu++14";
				CLANG_CXX_LIBRARY = "libc++";
				CLANG_ENABLE_MODULES = YES;
				CLANG_ENABLE_OBJC_ARC = YES;
				CLANG_WARN_BLOCK_CAPTURE_AUTORELEASING = YES;
				CLANG_WARN_BOOL_CONVERSION = YES;
				CLANG_WARN_COMMA = YES;
				CLANG_WARN_CONSTANT_CONVERSION = YES;
				CLANG_WARN_DIRECT_OBJC_ISA_USAGE = YES_ERROR;
				CLANG_WARN_DOCUMENTATION_COMMENTS = YES;
				CLANG_WARN_EMPTY_BODY = YES;
				CLANG_WARN_ENUM_CONVERSION = YES;
				CLANG_WARN_INFINITE_RECURSION = YES;
				CLANG_WARN_INT_CONVERSION = YES;
				CLANG_WARN_NON_LITERAL_NULL_CONVERSION = YES;
				CLANG_WARN_OBJC_LITERAL_CONVERSION = YES;
				CLANG_WARN_OBJC_ROOT_CLASS = YES_ERROR;
				CLANG_WARN_RANGE_LOOP_ANALYSIS = YES;
				CLANG_WARN_STRICT_PROTOTYPES = YES;
				CLANG_WARN_SUSPICIOUS_MOVE = YES;
				CLANG_WARN_UNGUARDED_AVAILABILITY = YES_AGGRESSIVE;
				CLANG_WARN_UNREACHABLE_CODE = YES;
				CLANG_WARN__DUPLICATE_METHOD_MATCH = YES;
				CODE_SIGN_IDENTITY = "iPhone Developer";
				COPY_PHASE_STRIP = NO;
				DEBUG_INFORMATION_FORMAT = dwarf;
				ENABLE_STRICT_OBJC_MSGSEND = YES;
				ENABLE_TESTABILITY = YES;
				GCC_C_LANGUAGE_STANDARD = gnu11;
				GCC_DYNAMIC_NO_PIC = NO;
				GCC_NO_COMMON_BLOCKS = YES;
				GCC_OPTIMIZATION_LEVEL = 0;
				GCC_PREPROCESSOR_DEFINITIONS = (
					"DEBUG=1",
					"$(inherited)",
				);
				GCC_WARN_64_TO_32_BIT_CONVERSION = YES;
				GCC_WARN_ABOUT_RETURN_TYPE = YES_ERROR;
				GCC_WARN_UNDECLARED_SELECTOR = YES;
				GCC_WARN_UNINITIALIZED_AUTOS = YES_AGGRESSIVE;
				GCC_WARN_UNUSED_FUNCTION = YES;
				GCC_WARN_UNUSED_VARIABLE = YES;
				IPHONEOS_DEPLOYMENT_TARGET = 11.0;
				MTL_ENABLE_DEBUG_INFO = YES;
				ONLY_ACTIVE_ARCH = YES;
				SDKROOT = iphoneos;
			};
			name = Debug;
		};
		E349C9171FAABED0005223A9 /* Release */ = {
			isa = XCBuildConfiguration;
			buildSettings = {
				ALWAYS_SEARCH_USER_PATHS = NO;
				CLANG_ANALYZER_NONNULL = YES;
				CLANG_ANALYZER_NUMBER_OBJECT_CONVERSION = YES_AGGRESSIVE;
				CLANG_CXX_LANGUAGE_STANDARD = "gnu++14";
				CLANG_CXX_LIBRARY = "libc++";
				CLANG_ENABLE_MODULES = YES;
				CLANG_ENABLE_OBJC_ARC = YES;
				CLANG_WARN_BLOCK_CAPTURE_AUTORELEASING = YES;
				CLANG_WARN_BOOL_CONVERSION = YES;
				CLANG_WARN_COMMA = YES;
				CLANG_WARN_CONSTANT_CONVERSION = YES;
				CLANG_WARN_DIRECT_OBJC_ISA_USAGE = YES_ERROR;
				CLANG_WARN_DOCUMENTATION_COMMENTS = YES;
				CLANG_WARN_EMPTY_BODY = YES;
				CLANG_WARN_ENUM_CONVERSION = YES;
				CLANG_WARN_INFINITE_RECURSION = YES;
				CLANG_WARN_INT_CONVERSION = YES;
				CLANG_WARN_NON_LITERAL_NULL_CONVERSION = YES;
				CLANG_WARN_OBJC_LITERAL_CONVERSION = YES;
				CLANG_WARN_OBJC_ROOT_CLASS = YES_ERROR;
				CLANG_WARN_RANGE_LOOP_ANALYSIS = YES;
				CLANG_WARN_STRICT_PROTOTYPES = YES;
				CLANG_WARN_SUSPICIOUS_MOVE = YES;
				CLANG_WARN_UNGUARDED_AVAILABILITY = YES_AGGRESSIVE;
				CLANG_WARN_UNREACHABLE_CODE = YES;
				CLANG_WARN__DUPLICATE_METHOD_MATCH = YES;
				CODE_SIGN_IDENTITY = "iPhone Developer";
				COPY_PHASE_STRIP = NO;
				DEBUG_INFORMATION_FORMAT = "dwarf-with-dsym";
				ENABLE_NS_ASSERTIONS = NO;
				ENABLE_STRICT_OBJC_MSGSEND = YES;
				GCC_C_LANGUAGE_STANDARD = gnu11;
				GCC_NO_COMMON_BLOCKS = YES;
				GCC_WARN_64_TO_32_BIT_CONVERSION = YES;
				GCC_WARN_ABOUT_RETURN_TYPE = YES_ERROR;
				GCC_WARN_UNDECLARED_SELECTOR = YES;
				GCC_WARN_UNINITIALIZED_AUTOS = YES_AGGRESSIVE;
				GCC_WARN_UNUSED_FUNCTION = YES;
				GCC_WARN_UNUSED_VARIABLE = YES;
				IPHONEOS_DEPLOYMENT_TARGET = 11.0;
				MTL_ENABLE_DEBUG_INFO = NO;
				SDKROOT = iphoneos;
				VALIDATE_PRODUCT = YES;
			};
			name = Release;
		};
		E349C9191FAABED0005223A9 /* Debug */ = {
			isa = XCBuildConfiguration;
			buildSettings = {
				ASSETCATALOG_COMPILER_APPICON_NAME = AppIcon;
				CODE_SIGN_STYLE = Automatic;
				INFOPLIST_FILE = TabbarDemo/Info.plist;
				LD_RUNPATH_SEARCH_PATHS = "$(inherited) @executable_path/Frameworks";
				PRODUCT_BUNDLE_IDENTIFIER = com.ShangYUKeJi.TabbarDemo;
				PRODUCT_NAME = "$(TARGET_NAME)";
				TARGETED_DEVICE_FAMILY = "1,2";
			};
			name = Debug;
		};
		E349C91A1FAABED0005223A9 /* Release */ = {
			isa = XCBuildConfiguration;
			buildSettings = {
				ASSETCATALOG_COMPILER_APPICON_NAME = AppIcon;
				CODE_SIGN_STYLE = Automatic;
				INFOPLIST_FILE = TabbarDemo/Info.plist;
				LD_RUNPATH_SEARCH_PATHS = "$(inherited) @executable_path/Frameworks";
				PRODUCT_BUNDLE_IDENTIFIER = com.ShangYUKeJi.TabbarDemo;
				PRODUCT_NAME = "$(TARGET_NAME)";
				TARGETED_DEVICE_FAMILY = "1,2";
			};
			name = Release;
		};
		E349C91C1FAABED0005223A9 /* Debug */ = {
			isa = XCBuildConfiguration;
			buildSettings = {
				BUNDLE_LOADER = "$(TEST_HOST)";
				CODE_SIGN_STYLE = Automatic;
				INFOPLIST_FILE = TabbarDemoTests/Info.plist;
				LD_RUNPATH_SEARCH_PATHS = "$(inherited) @executable_path/Frameworks @loader_path/Frameworks";
				PRODUCT_BUNDLE_IDENTIFIER = com.ShangYUKeJi.TabbarDemoTests;
				PRODUCT_NAME = "$(TARGET_NAME)";
				TARGETED_DEVICE_FAMILY = "1,2";
				TEST_HOST = "$(BUILT_PRODUCTS_DIR)/TabbarDemo.app/TabbarDemo";
			};
			name = Debug;
		};
		E349C91D1FAABED0005223A9 /* Release */ = {
			isa = XCBuildConfiguration;
			buildSettings = {
				BUNDLE_LOADER = "$(TEST_HOST)";
				CODE_SIGN_STYLE = Automatic;
				INFOPLIST_FILE = TabbarDemoTests/Info.plist;
				LD_RUNPATH_SEARCH_PATHS = "$(inherited) @executable_path/Frameworks @loader_path/Frameworks";
				PRODUCT_BUNDLE_IDENTIFIER = com.ShangYUKeJi.TabbarDemoTests;
				PRODUCT_NAME = "$(TARGET_NAME)";
				TARGETED_DEVICE_FAMILY = "1,2";
				TEST_HOST = "$(BUILT_PRODUCTS_DIR)/TabbarDemo.app/TabbarDemo";
			};
			name = Release;
		};
		E349C91F1FAABED0005223A9 /* Debug */ = {
			isa = XCBuildConfiguration;
			buildSettings = {
				CODE_SIGN_STYLE = Automatic;
				INFOPLIST_FILE = TabbarDemoUITests/Info.plist;
				LD_RUNPATH_SEARCH_PATHS = "$(inherited) @executable_path/Frameworks @loader_path/Frameworks";
				PRODUCT_BUNDLE_IDENTIFIER = com.ShangYUKeJi.TabbarDemoUITests;
				PRODUCT_NAME = "$(TARGET_NAME)";
				TARGETED_DEVICE_FAMILY = "1,2";
				TEST_TARGET_NAME = TabbarDemo;
			};
			name = Debug;
		};
		E349C9201FAABED0005223A9 /* Release */ = {
			isa = XCBuildConfiguration;
			buildSettings = {
				CODE_SIGN_STYLE = Automatic;
				INFOPLIST_FILE = TabbarDemoUITests/Info.plist;
				LD_RUNPATH_SEARCH_PATHS = "$(inherited) @executable_path/Frameworks @loader_path/Frameworks";
				PRODUCT_BUNDLE_IDENTIFIER = com.ShangYUKeJi.TabbarDemoUITests;
				PRODUCT_NAME = "$(TARGET_NAME)";
				TARGETED_DEVICE_FAMILY = "1,2";
				TEST_TARGET_NAME = TabbarDemo;
			};
			name = Release;
		};
/* End XCBuildConfiguration section */

/* Begin XCConfigurationList section */
		E349C8E71FAABECF005223A9 /* Build configuration list for PBXProject "TabbarDemo" */ = {
			isa = XCConfigurationList;
			buildConfigurations = (
				E349C9161FAABED0005223A9 /* Debug */,
				E349C9171FAABED0005223A9 /* Release */,
			);
			defaultConfigurationIsVisible = 0;
			defaultConfigurationName = Release;
		};
		E349C9181FAABED0005223A9 /* Build configuration list for PBXNativeTarget "TabbarDemo" */ = {
			isa = XCConfigurationList;
			buildConfigurations = (
				E349C9191FAABED0005223A9 /* Debug */,
				E349C91A1FAABED0005223A9 /* Release */,
			);
			defaultConfigurationIsVisible = 0;
			defaultConfigurationName = Release;
		};
		E349C91B1FAABED0005223A9 /* Build configuration list for PBXNativeTarget "TabbarDemoTests" */ = {
			isa = XCConfigurationList;
			buildConfigurations = (
				E349C91C1FAABED0005223A9 /* Debug */,
				E349C91D1FAABED0005223A9 /* Release */,
			);
			defaultConfigurationIsVisible = 0;
			defaultConfigurationName = Release;
		};
		E349C91E1FAABED0005223A9 /* Build configuration list for PBXNativeTarget "TabbarDemoUITests" */ = {
			isa = XCConfigurationList;
			buildConfigurations = (
				E349C91F1FAABED0005223A9 /* Debug */,
				E349C9201FAABED0005223A9 /* Release */,
			);
			defaultConfigurationIsVisible = 0;
			defaultConfigurationName = Release;
		};
/* End XCConfigurationList section */
	};
	rootObject = E349C8E41FAABECF005223A9 /* Project object */;
}
